
Microsoft Visual Studio Solution File, Format Version 12.00
# Visual Studio Version 16
VisualStudioVersion = 16.0.31624.102
MinimumVisualStudioVersion = 10.0.40219.1
Project("{9A19103F-16F7-4668-BE54-9A1E7A4F7556}") = "RomanNumerals", "RomanNumerals.csproj", "{0C4E1E9D-98A3-4D1A-ABA3-BD1B43DC7D1C}"
EndProject
Global
	GlobalSection(SolutionConfigurationPlatforms) = preSolution
		Debug|Any CPU = Debug|Any CPU
		Release|Any CPU = Release|Any CPU
	EndGlobalSection
	GlobalSection(ProjectConfigurationPlatforms) = postSolution
		{0C4E1E9D-98A3-4D1A-ABA3-BD1B43DC7D1C}.Debug|Any CPU.ActiveCfg = Debug|Any CPU
		{0C4E1E9D-98A3-4D1A-ABA3-BD1B43DC7D1C}.Debug|Any CPU.Build.0 = Debug|Any CPU
		{0C4E1E9D-98A3-4D1A-ABA3-BD1B43DC7D1C}.Release|Any CPU.ActiveCfg = Release|Any CPU
		{0C4E1E9D-98A3-4D1A-ABA3-BD1B43DC7D1C}.Release|Any CPU.Build.0 = Release|Any CPU
	EndGlobalSection
	GlobalSection(SolutionProperties) = preSolution
		HideSolutionNode = FALSE
	EndGlobalSection
	GlobalSection(ExtensibilityGlobals) = postSolution
		SolutionGuid = {3BD6C0C3-9CF8-4FD8-B40B-13178EF2AE48}
	EndGlobalSection
EndGlobal
